// !$*UTF8*$!
{
	archiveVersion = 1;
	classes = {
	};
	objectVersion = 56;
	objects = {

/* Begin PBXBuildFile section */
		DA4D2610297C40B500D5C051 /* TodoCell.swift in Sources */ = {isa = PBXBuildFile; fileRef = DA4D260F297C40B500D5C051 /* TodoCell.swift */; };
		DA4D2612297C47A900D5C051 /* Todo.swift in Sources */ = {isa = PBXBuildFile; fileRef = DA4D2611297C47A900D5C051 /* Todo.swift */; };
		DA4D2614297C493700D5C051 /* APIError.swift in Sources */ = {isa = PBXBuildFile; fileRef = DA4D2613297C493700D5C051 /* APIError.swift */; };
		DA4D2617297C4A0A00D5C051 /* NetworkService.swift in Sources */ = {isa = PBXBuildFile; fileRef = DA4D2616297C4A0A00D5C051 /* NetworkService.swift */; };
		DAD86AAC297C3C94003D3C89 /* AppDelegate.swift in Sources */ = {isa = PBXBuildFile; fileRef = DAD86AAB297C3C94003D3C89 /* AppDelegate.swift */; };
		DAD86AAE297C3C94003D3C89 /* SceneDelegate.swift in Sources */ = {isa = PBXBuildFile; fileRef = DAD86AAD297C3C94003D3C89 /* SceneDelegate.swift */; };
		DAD86AB0297C3C94003D3C89 /* TodoVC.swift in Sources */ = {isa = PBXBuildFile; fileRef = DAD86AAF297C3C94003D3C89 /* TodoVC.swift */; };
		DAD86AB3297C3C94003D3C89 /* Main.storyboard in Resources */ = {isa = PBXBuildFile; fileRef = DAD86AB1297C3C94003D3C89 /* Main.storyboard */; };
		DAD86AB5297C3C95003D3C89 /* Assets.xcassets in Resources */ = {isa = PBXBuildFile; fileRef = DAD86AB4297C3C95003D3C89 /* Assets.xcassets */; };
		DAD86AB8297C3C95003D3C89 /* LaunchScreen.storyboard in Resources */ = {isa = PBXBuildFile; fileRef = DAD86AB6297C3C95003D3C89 /* LaunchScreen.storyboard */; };
/* End PBXBuildFile section */

/* Begin PBXFileReference section */
		DA4D260F297C40B500D5C051 /* TodoCell.swift */ = {isa = PBXFileReference; lastKnownFileType = sourcecode.swift; path = TodoCell.swift; sourceTree = "<group>"; };
		DA4D2611297C47A900D5C051 /* Todo.swift */ = {isa = PBXFileReference; lastKnownFileType = sourcecode.swift; path = Todo.swift; sourceTree = "<group>"; };
		DA4D2613297C493700D5C051 /* APIError.swift */ = {isa = PBXFileReference; lastKnownFileType = sourcecode.swift; path = APIError.swift; sourceTree = "<group>"; };
		DA4D2616297C4A0A00D5C051 /* NetworkService.swift */ = {isa = PBXFileReference; lastKnownFileType = sourcecode.swift; path = NetworkService.swift; sourceTree = "<group>"; };
		DAD86AA8297C3C94003D3C89 /* todo.app */ = {isa = PBXFileReference; explicitFileType = wrapper.application; includeInIndex = 0; path = todo.app; sourceTree = BUILT_PRODUCTS_DIR; };
		DAD86AAB297C3C94003D3C89 /* AppDelegate.swift */ = {isa = PBXFileReference; lastKnownFileType = sourcecode.swift; path = AppDelegate.swift; sourceTree = "<group>"; };
		DAD86AAD297C3C94003D3C89 /* SceneDelegate.swift */ = {isa = PBXFileReference; lastKnownFileType = sourcecode.swift; path = SceneDelegate.swift; sourceTree = "<group>"; };
		DAD86AAF297C3C94003D3C89 /* TodoVC.swift */ = {isa = PBXFileReference; lastKnownFileType = sourcecode.swift; path = TodoVC.swift; sourceTree = "<group>"; };
		DAD86AB2297C3C94003D3C89 /* Base */ = {isa = PBXFileReference; lastKnownFileType = file.storyboard; name = Base; path = Base.lproj/Main.storyboard; sourceTree = "<group>"; };
		DAD86AB4297C3C95003D3C89 /* Assets.xcassets */ = {isa = PBXFileReference; lastKnownFileType = folder.assetcatalog; path = Assets.xcassets; sourceTree = "<group>"; };
		DAD86AB7297C3C95003D3C89 /* Base */ = {isa = PBXFileReference; lastKnownFileType = file.storyboard; name = Base; path = Base.lproj/LaunchScreen.storyboard; sourceTree = "<group>"; };
		DAD86AB9297C3C95003D3C89 /* Info.plist */ = {isa = PBXFileReference; lastKnownFileType = text.plist.xml; path = Info.plist; sourceTree = "<group>"; };
/* End PBXFileReference section */

/* Begin PBXFrameworksBuildPhase section */
		DAD86AA5297C3C94003D3C89 /* Frameworks */ = {
			isa = PBXFrameworksBuildPhase;
			buildActionMask = 2147483647;
			files = (
			);
			runOnlyForDeploymentPostprocessing = 0;
		};
/* End PBXFrameworksBuildPhase section */

/* Begin PBXGroup section */
		DA4D260C297C409000D5C051 /* Model */ = {
			isa = PBXGroup;
			children = (
				DA4D2611297C47A900D5C051 /* Todo.swift */,
				DA4D2613297C493700D5C051 /* APIError.swift */,
			);
			path = Model;
			sourceTree = "<group>";
		};
		DA4D260D297C409500D5C051 /* View */ = {
			isa = PBXGroup;
			children = (
				DA4D260F297C40B500D5C051 /* TodoCell.swift */,
			);
			path = View;
			sourceTree = "<group>";
		};
		DA4D260E297C409B00D5C051 /* Controller */ = {
			isa = PBXGroup;
			children = (
				DAD86AAF297C3C94003D3C89 /* TodoVC.swift */,
			);
			path = Controller;
			sourceTree = "<group>";
		};
		DA4D2615297C49F600D5C051 /* Services */ = {
			isa = PBXGroup;
			children = (
				DA4D2616297C4A0A00D5C051 /* NetworkService.swift */,
			);
			path = Services;
			sourceTree = "<group>";
		};
		DAD86A9F297C3C94003D3C89 = {
			isa = PBXGroup;
			children = (
				DAD86AAA297C3C94003D3C89 /* todo */,
				DAD86AA9297C3C94003D3C89 /* Products */,
			);
			sourceTree = "<group>";
		};
		DAD86AA9297C3C94003D3C89 /* Products */ = {
			isa = PBXGroup;
			children = (
				DAD86AA8297C3C94003D3C89 /* todo.app */,
			);
			name = Products;
			sourceTree = "<group>";
		};
		DAD86AAA297C3C94003D3C89 /* todo */ = {
			isa = PBXGroup;
			children = (
				DA4D2615297C49F600D5C051 /* Services */,
				DA4D260E297C409B00D5C051 /* Controller */,
				DA4D260D297C409500D5C051 /* View */,
				DA4D260C297C409000D5C051 /* Model */,
				DAD86AAB297C3C94003D3C89 /* AppDelegate.swift */,
				DAD86AAD297C3C94003D3C89 /* SceneDelegate.swift */,
				DAD86AB1297C3C94003D3C89 /* Main.storyboard */,
				DAD86AB4297C3C95003D3C89 /* Assets.xcassets */,
				DAD86AB6297C3C95003D3C89 /* LaunchScreen.storyboard */,
				DAD86AB9297C3C95003D3C89 /* Info.plist */,
			);
			path = todo;
			sourceTree = "<group>";
		};
/* End PBXGroup section */

/* Begin PBXNativeTarget section */
		DAD86AA7297C3C94003D3C89 /* todo */ = {
			isa = PBXNativeTarget;
			buildConfigurationList = DAD86ABC297C3C95003D3C89 /* Build configuration list for PBXNativeTarget "todo" */;
			buildPhases = (
				DAD86AA4297C3C94003D3C89 /* Sources */,
				DAD86AA5297C3C94003D3C89 /* Frameworks */,
				DAD86AA6297C3C94003D3C89 /* Resources */,
			);
			buildRules = (
			);
			dependencies = (
			);
			name = todo;
			productName = todo;
			productReference = DAD86AA8297C3C94003D3C89 /* todo.app */;
			productType = "com.apple.product-type.application";
		};
/* End PBXNativeTarget section */

/* Begin PBXProject section */
		DAD86AA0297C3C94003D3C89 /* Project object */ = {
			isa = PBXProject;
			attributes = {
				BuildIndependentTargetsInParallel = 1;
				LastSwiftUpdateCheck = 1420;
				LastUpgradeCheck = 1420;
				TargetAttributes = {
					DAD86AA7297C3C94003D3C89 = {
						CreatedOnToolsVersion = 14.2;
					};
				};
			};
			buildConfigurationList = DAD86AA3297C3C94003D3C89 /* Build configuration list for PBXProject "todo" */;
			compatibilityVersion = "Xcode 14.0";
			developmentRegion = en;
			hasScannedForEncodings = 0;
			knownRegions = (
				en,
				Base,
			);
			mainGroup = DAD86A9F297C3C94003D3C89;
			productRefGroup = DAD86AA9297C3C94003D3C89 /* Products */;
			projectDirPath = "";
			projectRoot = "";
			targets = (
				DAD86AA7297C3C94003D3C89 /* todo */,
			);
		};
/* End PBXProject section */

/* Begin PBXResourcesBuildPhase section */
		DAD86AA6297C3C94003D3C89 /* Resources */ = {
			isa = PBXResourcesBuildPhase;
			buildActionMask = 2147483647;
			files = (
				DAD86AB8297C3C95003D3C89 /* LaunchScreen.storyboard in Resources */,
				DAD86AB5297C3C95003D3C89 /* Assets.xcassets in Resources */,
				DAD86AB3297C3C94003D3C89 /* Main.storyboard in Resources */,
			);
			runOnlyForDeploymentPostprocessing = 0;
		};
/* End PBXResourcesBuildPhase section */

/* Begin PBXSourcesBuildPhase section */
		DAD86AA4297C3C94003D3C89 /* Sources */ = {
			isa = PBXSourcesBuildPhase;
			buildActionMask = 2147483647;
			files = (
				DAD86AB0297C3C94003D3C89 /* TodoVC.swift in Sources */,
				DAD86AAC297C3C94003D3C89 /* AppDelegate.swift in Sources */,
				DAD86AAE297C3C94003D3C89 /* SceneDelegate.swift in Sources */,
				DA4D2610297C40B500D5C051 /* TodoCell.swift in Sources */,
				DA4D2612297C47A900D5C051 /* Todo.swift in Sources */,
				DA4D2614297C493700D5C051 /* APIError.swift in Sources */,
				DA4D2617297C4A0A00D5C051 /* NetworkService.swift in Sources */,
			);
			runOnlyForDeploymentPostprocessing = 0;
		};
/* End PBXSourcesBuildPhase section */

/* Begin PBXVariantGroup section */
		DAD86AB1297C3C94003D3C89 /* Main.storyboard */ = {
			isa = PBXVariantGroup;
			children = (
				DAD86AB2297C3C94003D3C89 /* Base */,
			);
			name = Main.storyboard;
			sourceTree = "<group>";
		};
		DAD86AB6297C3C95003D3C89 /* LaunchScreen.storyboard */ = {
			isa = PBXVariantGroup;
			children = (
				DAD86AB7297C3C95003D3C89 /* Base */,
			);
			name = LaunchScreen.storyboard;
			sourceTree = "<group>";
		};
/* End PBXVariantGroup section */

/* Begin XCBuildConfiguration section */
		DAD86ABA297C3C95003D3C89 /* Debug */ = {
			isa = XCBuildConfiguration;
			buildSettings = {
				ALWAYS_SEARCH_USER_PATHS = NO;
				CLANG_ANALYZER_NONNULL = YES;
				CLANG_ANALYZER_NUMBER_OBJECT_CONVERSION = YES_AGGRESSIVE;
				CLANG_CXX_LANGUAGE_STANDARD = "gnu++20";
				CLANG_ENABLE_MODULES = YES;
				CLANG_ENABLE_OBJC_ARC = YES;
				CLANG_ENABLE_OBJC_WEAK = YES;
				CLANG_WARN_BLOCK_CAPTURE_AUTORELEASING = YES;
				CLANG_WARN_BOOL_CONVERSION = YES;
				CLANG_WARN_COMMA = YES;
				CLANG_WARN_CONSTANT_CONVERSION = YES;
				CLANG_WARN_DEPRECATED_OBJC_IMPLEMENTATIONS = YES;
				CLANG_WARN_DIRECT_OBJC_ISA_USAGE = YES_ERROR;
				CLANG_WARN_DOCUMENTATION_COMMENTS = YES;
				CLANG_WARN_EMPTY_BODY = YES;
				CLANG_WARN_ENUM_CONVERSION = YES;
				CLANG_WARN_INFINITE_RECURSION = YES;
				CLANG_WARN_INT_CONVERSION = YES;
				CLANG_WARN_NON_LITERAL_NULL_CONVERSION = YES;
				CLANG_WARN_OBJC_IMPLICIT_RETAIN_SELF = YES;
				CLANG_WARN_OBJC_LITERAL_CONVERSION = YES;
				CLANG_WARN_OBJC_ROOT_CLASS = YES_ERROR;
				CLANG_WARN_QUOTED_INCLUDE_IN_FRAMEWORK_HEADER = YES;
				CLANG_WARN_RANGE_LOOP_ANALYSIS = YES;
				CLANG_WARN_STRICT_PROTOTYPES = YES;
				CLANG_WARN_SUSPICIOUS_MOVE = YES;
				CLANG_WARN_UNGUARDED_AVAILABILITY = YES_AGGRESSIVE;
				CLANG_WARN_UNREACHABLE_CODE = YES;
				CLANG_WARN__DUPLICATE_METHOD_MATCH = YES;
				COPY_PHASE_STRIP = NO;
				DEBUG_INFORMATION_FORMAT = dwarf;
				ENABLE_STRICT_OBJC_MSGSEND = YES;
				ENABLE_TESTABILITY = YES;
				GCC_C_LANGUAGE_STANDARD = gnu11;
				GCC_DYNAMIC_NO_PIC = NO;
				GCC_NO_COMMON_BLOCKS = YES;
				GCC_OPTIMIZATION_LEVEL = 0;
				GCC_PREPROCESSOR_DEFINITIONS = (
					"DEBUG=1",
					"$(inherited)",
				);
				GCC_WARN_64_TO_32_BIT_CONVERSION = YES;
				GCC_WARN_ABOUT_RETURN_TYPE = YES_ERROR;
				GCC_WARN_UNDECLARED_SELECTOR = YES;
				GCC_WARN_UNINITIALIZED_AUTOS = YES_AGGRESSIVE;
				GCC_WARN_UNUSED_FUNCTION = YES;
				GCC_WARN_UNUSED_VARIABLE = YES;
				IPHONEOS_DEPLOYMENT_TARGET = 16.2;
				MTL_ENABLE_DEBUG_INFO = INCLUDE_SOURCE;
				MTL_FAST_MATH = YES;
				ONLY_ACTIVE_ARCH = YES;
				SDKROOT = iphoneos;
				SWIFT_ACTIVE_COMPILATION_CONDITIONS = DEBUG;
				SWIFT_OPTIMIZATION_LEVEL = "-Onone";
			};
			name = Debug;
		};
		DAD86ABB297C3C95003D3C89 /* Release */ = {
			isa = XCBuildConfiguration;
			buildSettings = {
				ALWAYS_SEARCH_USER_PATHS = NO;
				CLANG_ANALYZER_NONNULL = YES;
				CLANG_ANALYZER_NUMBER_OBJECT_CONVERSION = YES_AGGRESSIVE;
				CLANG_CXX_LANGUAGE_STANDARD = "gnu++20";
				CLANG_ENABLE_MODULES = YES;
				CLANG_ENABLE_OBJC_ARC = YES;
				CLANG_ENABLE_OBJC_WEAK = YES;
				CLANG_WARN_BLOCK_CAPTURE_AUTORELEASING = YES;
				CLANG_WARN_BOOL_CONVERSION = YES;
				CLANG_WARN_COMMA = YES;
				CLANG_WARN_CONSTANT_CONVERSION = YES;
				CLANG_WARN_DEPRECATED_OBJC_IMPLEMENTATIONS = YES;
				CLANG_WARN_DIRECT_OBJC_ISA_USAGE = YES_ERROR;
				CLANG_WARN_DOCUMENTATION_COMMENTS = YES;
				CLANG_WARN_EMPTY_BODY = YES;
				CLANG_WARN_ENUM_CONVERSION = YES;
				CLANG_WARN_INFINITE_RECURSION = YES;
				CLANG_WARN_INT_CONVERSION = YES;
				CLANG_WARN_NON_LITERAL_NULL_CONVERSION = YES;
				CLANG_WARN_OBJC_IMPLICIT_RETAIN_SELF = YES;
				CLANG_WARN_OBJC_LITERAL_CONVERSION = YES;
				CLANG_WARN_OBJC_ROOT_CLASS = YES_ERROR;
				CLANG_WARN_QUOTED_INCLUDE_IN_FRAMEWORK_HEADER = YES;
				CLANG_WARN_RANGE_LOOP_ANALYSIS = YES;
				CLANG_WARN_STRICT_PROTOTYPES = YES;
				CLANG_WARN_SUSPICIOUS_MOVE = YES;
				CLANG_WARN_UNGUARDED_AVAILABILITY = YES_AGGRESSIVE;
				CLANG_WARN_UNREACHABLE_CODE = YES;
				CLANG_WARN__DUPLICATE_METHOD_MATCH = YES;
				COPY_PHASE_STRIP = NO;
				DEBUG_INFORMATION_FORMAT = "dwarf-with-dsym";
				ENABLE_NS_ASSERTIONS = NO;
				ENABLE_STRICT_OBJC_MSGSEND = YES;
				GCC_C_LANGUAGE_STANDARD = gnu11;
				GCC_NO_COMMON_BLOCKS = YES;
				GCC_WARN_64_TO_32_BIT_CONVERSION = YES;
				GCC_WARN_ABOUT_RETURN_TYPE = YES_ERROR;
				GCC_WARN_UNDECLARED_SELECTOR = YES;
				GCC_WARN_UNINITIALIZED_AUTOS = YES_AGGRESSIVE;
				GCC_WARN_UNUSED_FUNCTION = YES;
				GCC_WARN_UNUSED_VARIABLE = YES;
				IPHONEOS_DEPLOYMENT_TARGET = 16.2;
				MTL_ENABLE_DEBUG_INFO = NO;
				MTL_FAST_MATH = YES;
				SDKROOT = iphoneos;
				SWIFT_COMPILATION_MODE = wholemodule;
				SWIFT_OPTIMIZATION_LEVEL = "-O";
				VALIDATE_PRODUCT = YES;
			};
			name = Release;
		};
		DAD86ABD297C3C95003D3C89 /* Debug */ = {
			isa = XCBuildConfiguration;
			buildSettings = {
				ASSETCATALOG_COMPILER_APPICON_NAME = AppIcon;
				ASSETCATALOG_COMPILER_GLOBAL_ACCENT_COLOR_NAME = AccentColor;
				CODE_SIGN_STYLE = Automatic;
				CURRENT_PROJECT_VERSION = 1;
				DEVELOPMENT_TEAM = 7YAHT2XZPP;
				GENERATE_INFOPLIST_FILE = YES;
				INFOPLIST_FILE = todo/Info.plist;
				INFOPLIST_KEY_UIApplicationSupportsIndirectInputEvents = YES;
				INFOPLIST_KEY_UILaunchStoryboardName = LaunchScreen;
				INFOPLIST_KEY_UIMainStoryboardFile = Main;
				INFOPLIST_KEY_UISupportedInterfaceOrientations_iPad = "UIInterfaceOrientationPortrait UIInterfaceOrientationPortraitUpsideDown UIInterfaceOrientationLandscapeLeft UIInterfaceOrientationLandscapeRight";
				INFOPLIST_KEY_UISupportedInterfaceOrientations_iPhone = "UIInterfaceOrientationPortrait UIInterfaceOrientationLandscapeLeft UIInterfaceOrientationLandscapeRight";
				LD_RUNPATH_SEARCH_PATHS = (
					"$(inherited)",
					"@executable_path/Frameworks",
				);
				MARKETING_VERSION = 1.0;
				PRODUCT_BUNDLE_IDENTIFIER = yakupacs.todo;
				PRODUCT_NAME = "$(TARGET_NAME)";
				SWIFT_EMIT_LOC_STRINGS = YES;
				SWIFT_VERSION = 5.0;
				TARGETED_DEVICE_FAMILY = "1,2";
			};
			name = Debug;
		};
		DAD86ABE297C3C95003D3C89 /* Release */ = {
			isa = XCBuildConfiguration;
			buildSettings = {
				ASSETCATALOG_COMPILER_APPICON_NAME = AppIcon;
				ASSETCATALOG_COMPILER_GLOBAL_ACCENT_COLOR_NAME = AccentColor;
				CODE_SIGN_STYLE = Automatic;
				CURRENT_PROJECT_VERSION = 1;
				DEVELOPMENT_TEAM = 7YAHT2XZPP;
				GENERATE_INFOPLIST_FILE = YES;
				INFOPLIST_FILE = todo/Info.plist;
				INFOPLIST_KEY_UIApplicationSupportsIndirectInputEvents = YES;
				INFOPLIST_KEY_UILaunchStoryboardName = LaunchScreen;
				INFOPLIST_KEY_UIMainStoryboardFile = Main;
				INFOPLIST_KEY_UISupportedInterfaceOrientations_iPad = "UIInterfaceOrientationPortrait UIInterfaceOrientationPortraitUpsideDown UIInterfaceOrientationLandscapeLeft UIInterfaceOrientationLandscapeRight";
				INFOPLIST_KEY_UISupportedInterfaceOrientations_iPhone = "UIInterfaceOrientationPortrait UIInterfaceOrientationLandscapeLeft UIInterfaceOrientationLandscapeRight";
				LD_RUNPATH_SEARCH_PATHS = (
					"$(inherited)",
					"@executable_path/Frameworks",
				);
				MARKETING_VERSION = 1.0;
				PRODUCT_BUNDLE_IDENTIFIER = yakupacs.todo;
				PRODUCT_NAME = "$(TARGET_NAME)";
				SWIFT_EMIT_LOC_STRINGS = YES;
				SWIFT_VERSION = 5.0;
				TARGETED_DEVICE_FAMILY = "1,2";
			};
			name = Release;
		};
/* End XCBuildConfiguration section */

/* Begin XCConfigurationList section */
		DAD86AA3297C3C94003D3C89 /* Build configuration list for PBXProject "todo" */ = {
			isa = XCConfigurationList;
			buildConfigurations = (
				DAD86ABA297C3C95003D3C89 /* Debug */,
				DAD86ABB297C3C95003D3C89 /* Release */,
			);
			defaultConfigurationIsVisible = 0;
			defaultConfigurationName = Release;
		};
		DAD86ABC297C3C95003D3C89 /* Build configuration list for PBXNativeTarget "todo" */ = {
			isa = XCConfigurationList;
			buildConfigurations = (
				DAD86ABD297C3C95003D3C89 /* Debug */,
				DAD86ABE297C3C95003D3C89 /* Release */,
			);
			defaultConfigurationIsVisible = 0;
			defaultConfigurationName = Release;
		};
/* End XCConfigurationList section */
	};
	rootObject = DAD86AA0297C3C94003D3C89 /* Project object */;
}
