// !$*UTF8*$!
{
	archiveVersion = 1;
	classes = {
	};
	objectVersion = 56;
	objects = {

/* Begin PBXBuildFile section */
		DA775A3E2AA0CAC10025C622 /* AppDelegate.swift in Sources */ = {isa = PBXBuildFile; fileRef = DA775A3D2AA0CAC10025C622 /* AppDelegate.swift */; };
		DA775A402AA0CAC10025C622 /* SceneDelegate.swift in Sources */ = {isa = PBXBuildFile; fileRef = DA775A3F2AA0CAC10025C622 /* SceneDelegate.swift */; };
		DA775A422AA0CAC10025C622 /* ViewController.swift in Sources */ = {isa = PBXBuildFile; fileRef = DA775A412AA0CAC10025C622 /* ViewController.swift */; };
		DA775A452AA0CAC10025C622 /* Main.storyboard in Resources */ = {isa = PBXBuildFile; fileRef = DA775A432AA0CAC10025C622 /* Main.storyboard */; };
		DA775A472AA0CAC20025C622 /* Assets.xcassets in Resources */ = {isa = PBXBuildFile; fileRef = DA775A462AA0CAC20025C622 /* Assets.xcassets */; };
		DA775A4A2AA0CAC20025C622 /* LaunchScreen.storyboard in Resources */ = {isa = PBXBuildFile; fileRef = DA775A482AA0CAC20025C622 /* LaunchScreen.storyboard */; };
		DA775A532AA0CAFC0025C622 /* Swinject in Frameworks */ = {isa = PBXBuildFile; productRef = DA775A522AA0CAFC0025C622 /* Swinject */; };
		DA775A572AA0CD040025C622 /* BackgroundProviedProtocol.swift in Sources */ = {isa = PBXBuildFile; fileRef = DA775A562AA0CD040025C622 /* BackgroundProviedProtocol.swift */; };
		DA775A592AA0CD450025C622 /* BackgroundProvidingClass.swift in Sources */ = {isa = PBXBuildFile; fileRef = DA775A582AA0CD450025C622 /* BackgroundProvidingClass.swift */; };
		DA775A5B2AA0CDC70025C622 /* AnotherVC.swift in Sources */ = {isa = PBXBuildFile; fileRef = DA775A5A2AA0CDC70025C622 /* AnotherVC.swift */; };
		DA775A5D2AA0D1000025C622 /* Container.swift in Sources */ = {isa = PBXBuildFile; fileRef = DA775A5C2AA0D1000025C622 /* Container.swift */; };
/* End PBXBuildFile section */

/* Begin PBXFileReference section */
		DA775A3A2AA0CAC10025C622 /* DependencyInjection.app */ = {isa = PBXFileReference; explicitFileType = wrapper.application; includeInIndex = 0; path = DependencyInjection.app; sourceTree = BUILT_PRODUCTS_DIR; };
		DA775A3D2AA0CAC10025C622 /* AppDelegate.swift */ = {isa = PBXFileReference; lastKnownFileType = sourcecode.swift; path = AppDelegate.swift; sourceTree = "<group>"; };
		DA775A3F2AA0CAC10025C622 /* SceneDelegate.swift */ = {isa = PBXFileReference; lastKnownFileType = sourcecode.swift; path = SceneDelegate.swift; sourceTree = "<group>"; };
		DA775A412AA0CAC10025C622 /* ViewController.swift */ = {isa = PBXFileReference; lastKnownFileType = sourcecode.swift; path = ViewController.swift; sourceTree = "<group>"; };
		DA775A442AA0CAC10025C622 /* Base */ = {isa = PBXFileReference; lastKnownFileType = file.storyboard; name = Base; path = Base.lproj/Main.storyboard; sourceTree = "<group>"; };
		DA775A462AA0CAC20025C622 /* Assets.xcassets */ = {isa = PBXFileReference; lastKnownFileType = folder.assetcatalog; path = Assets.xcassets; sourceTree = "<group>"; };
		DA775A492AA0CAC20025C622 /* Base */ = {isa = PBXFileReference; lastKnownFileType = file.storyboard; name = Base; path = Base.lproj/LaunchScreen.storyboard; sourceTree = "<group>"; };
		DA775A4B2AA0CAC20025C622 /* Info.plist */ = {isa = PBXFileReference; lastKnownFileType = text.plist.xml; path = Info.plist; sourceTree = "<group>"; };
		DA775A562AA0CD040025C622 /* BackgroundProviedProtocol.swift */ = {isa = PBXFileReference; lastKnownFileType = sourcecode.swift; path = BackgroundProviedProtocol.swift; sourceTree = "<group>"; };
		DA775A582AA0CD450025C622 /* BackgroundProvidingClass.swift */ = {isa = PBXFileReference; lastKnownFileType = sourcecode.swift; path = BackgroundProvidingClass.swift; sourceTree = "<group>"; };
		DA775A5A2AA0CDC70025C622 /* AnotherVC.swift */ = {isa = PBXFileReference; lastKnownFileType = sourcecode.swift; path = AnotherVC.swift; sourceTree = "<group>"; };
		DA775A5C2AA0D1000025C622 /* Container.swift */ = {isa = PBXFileReference; lastKnownFileType = sourcecode.swift; path = Container.swift; sourceTree = "<group>"; };
/* End PBXFileReference section */

/* Begin PBXFrameworksBuildPhase section */
		DA775A372AA0CAC10025C622 /* Frameworks */ = {
			isa = PBXFrameworksBuildPhase;
			buildActionMask = 2147483647;
			files = (
				DA775A532AA0CAFC0025C622 /* Swinject in Frameworks */,
			);
			runOnlyForDeploymentPostprocessing = 0;
		};
/* End PBXFrameworksBuildPhase section */

/* Begin PBXGroup section */
		DA775A312AA0CAC00025C622 = {
			isa = PBXGroup;
			children = (
				DA775A3C2AA0CAC10025C622 /* DependencyInjection */,
				DA775A3B2AA0CAC10025C622 /* Products */,
			);
			sourceTree = "<group>";
		};
		DA775A3B2AA0CAC10025C622 /* Products */ = {
			isa = PBXGroup;
			children = (
				DA775A3A2AA0CAC10025C622 /* DependencyInjection.app */,
			);
			name = Products;
			sourceTree = "<group>";
		};
		DA775A3C2AA0CAC10025C622 /* DependencyInjection */ = {
			isa = PBXGroup;
			children = (
				DA775A3D2AA0CAC10025C622 /* AppDelegate.swift */,
				DA775A3F2AA0CAC10025C622 /* SceneDelegate.swift */,
				DA775A412AA0CAC10025C622 /* ViewController.swift */,
				DA775A5A2AA0CDC70025C622 /* AnotherVC.swift */,
				DA775A5C2AA0D1000025C622 /* Container.swift */,
				DA775A562AA0CD040025C622 /* BackgroundProviedProtocol.swift */,
				DA775A582AA0CD450025C622 /* BackgroundProvidingClass.swift */,
				DA775A432AA0CAC10025C622 /* Main.storyboard */,
				DA775A462AA0CAC20025C622 /* Assets.xcassets */,
				DA775A482AA0CAC20025C622 /* LaunchScreen.storyboard */,
				DA775A4B2AA0CAC20025C622 /* Info.plist */,
			);
			path = DependencyInjection;
			sourceTree = "<group>";
		};
/* End PBXGroup section */

/* Begin PBXNativeTarget section */
		DA775A392AA0CAC10025C622 /* DependencyInjection */ = {
			isa = PBXNativeTarget;
			buildConfigurationList = DA775A4E2AA0CAC20025C622 /* Build configuration list for PBXNativeTarget "DependencyInjection" */;
			buildPhases = (
				DA775A362AA0CAC10025C622 /* Sources */,
				DA775A372AA0CAC10025C622 /* Frameworks */,
				DA775A382AA0CAC10025C622 /* Resources */,
			);
			buildRules = (
			);
			dependencies = (
			);
			name = DependencyInjection;
			packageProductDependencies = (
				DA775A522AA0CAFC0025C622 /* Swinject */,
			);
			productName = DependencyInjection;
			productReference = DA775A3A2AA0CAC10025C622 /* DependencyInjection.app */;
			productType = "com.apple.product-type.application";
		};
/* End PBXNativeTarget section */

/* Begin PBXProject section */
		DA775A322AA0CAC00025C622 /* Project object */ = {
			isa = PBXProject;
			attributes = {
				BuildIndependentTargetsInParallel = 1;
				LastSwiftUpdateCheck = 1430;
				LastUpgradeCheck = 1430;
				TargetAttributes = {
					DA775A392AA0CAC10025C622 = {
						CreatedOnToolsVersion = 14.3.1;
					};
				};
			};
			buildConfigurationList = DA775A352AA0CAC00025C622 /* Build configuration list for PBXProject "DependencyInjection" */;
			compatibilityVersion = "Xcode 14.0";
			developmentRegion = en;
			hasScannedForEncodings = 0;
			knownRegions = (
				en,
				Base,
			);
			mainGroup = DA775A312AA0CAC00025C622;
			packageReferences = (
				DA775A512AA0CAFC0025C622 /* XCRemoteSwiftPackageReference "Swinject" */,
			);
			productRefGroup = DA775A3B2AA0CAC10025C622 /* Products */;
			projectDirPath = "";
			projectRoot = "";
			targets = (
				DA775A392AA0CAC10025C622 /* DependencyInjection */,
			);
		};
/* End PBXProject section */

/* Begin PBXResourcesBuildPhase section */
		DA775A382AA0CAC10025C622 /* Resources */ = {
			isa = PBXResourcesBuildPhase;
			buildActionMask = 2147483647;
			files = (
				DA775A4A2AA0CAC20025C622 /* LaunchScreen.storyboard in Resources */,
				DA775A472AA0CAC20025C622 /* Assets.xcassets in Resources */,
				DA775A452AA0CAC10025C622 /* Main.storyboard in Resources */,
			);
			runOnlyForDeploymentPostprocessing = 0;
		};
/* End PBXResourcesBuildPhase section */

/* Begin PBXSourcesBuildPhase section */
		DA775A362AA0CAC10025C622 /* Sources */ = {
			isa = PBXSourcesBuildPhase;
			buildActionMask = 2147483647;
			files = (
				DA775A422AA0CAC10025C622 /* ViewController.swift in Sources */,
				DA775A572AA0CD040025C622 /* BackgroundProviedProtocol.swift in Sources */,
				DA775A3E2AA0CAC10025C622 /* AppDelegate.swift in Sources */,
				DA775A592AA0CD450025C622 /* BackgroundProvidingClass.swift in Sources */,
				DA775A5D2AA0D1000025C622 /* Container.swift in Sources */,
				DA775A5B2AA0CDC70025C622 /* AnotherVC.swift in Sources */,
				DA775A402AA0CAC10025C622 /* SceneDelegate.swift in Sources */,
			);
			runOnlyForDeploymentPostprocessing = 0;
		};
/* End PBXSourcesBuildPhase section */

/* Begin PBXVariantGroup section */
		DA775A432AA0CAC10025C622 /* Main.storyboard */ = {
			isa = PBXVariantGroup;
			children = (
				DA775A442AA0CAC10025C622 /* Base */,
			);
			name = Main.storyboard;
			sourceTree = "<group>";
		};
		DA775A482AA0CAC20025C622 /* LaunchScreen.storyboard */ = {
			isa = PBXVariantGroup;
			children = (
				DA775A492AA0CAC20025C622 /* Base */,
			);
			name = LaunchScreen.storyboard;
			sourceTree = "<group>";
		};
/* End PBXVariantGroup section */

/* Begin XCBuildConfiguration section */
		DA775A4C2AA0CAC20025C622 /* Debug */ = {
			isa = XCBuildConfiguration;
			buildSettings = {
				ALWAYS_SEARCH_USER_PATHS = NO;
				CLANG_ANALYZER_NONNULL = YES;
				CLANG_ANALYZER_NUMBER_OBJECT_CONVERSION = YES_AGGRESSIVE;
				CLANG_CXX_LANGUAGE_STANDARD = "gnu++20";
				CLANG_ENABLE_MODULES = YES;
				CLANG_ENABLE_OBJC_ARC = YES;
				CLANG_ENABLE_OBJC_WEAK = YES;
				CLANG_WARN_BLOCK_CAPTURE_AUTORELEASING = YES;
				CLANG_WARN_BOOL_CONVERSION = YES;
				CLANG_WARN_COMMA = YES;
				CLANG_WARN_CONSTANT_CONVERSION = YES;
				CLANG_WARN_DEPRECATED_OBJC_IMPLEMENTATIONS = YES;
				CLANG_WARN_DIRECT_OBJC_ISA_USAGE = YES_ERROR;
				CLANG_WARN_DOCUMENTATION_COMMENTS = YES;
				CLANG_WARN_EMPTY_BODY = YES;
				CLANG_WARN_ENUM_CONVERSION = YES;
				CLANG_WARN_INFINITE_RECURSION = YES;
				CLANG_WARN_INT_CONVERSION = YES;
				CLANG_WARN_NON_LITERAL_NULL_CONVERSION = YES;
				CLANG_WARN_OBJC_IMPLICIT_RETAIN_SELF = YES;
				CLANG_WARN_OBJC_LITERAL_CONVERSION = YES;
				CLANG_WARN_OBJC_ROOT_CLASS = YES_ERROR;
				CLANG_WARN_QUOTED_INCLUDE_IN_FRAMEWORK_HEADER = YES;
				CLANG_WARN_RANGE_LOOP_ANALYSIS = YES;
				CLANG_WARN_STRICT_PROTOTYPES = YES;
				CLANG_WARN_SUSPICIOUS_MOVE = YES;
				CLANG_WARN_UNGUARDED_AVAILABILITY = YES_AGGRESSIVE;
				CLANG_WARN_UNREACHABLE_CODE = YES;
				CLANG_WARN__DUPLICATE_METHOD_MATCH = YES;
				COPY_PHASE_STRIP = NO;
				DEBUG_INFORMATION_FORMAT = dwarf;
				ENABLE_STRICT_OBJC_MSGSEND = YES;
				ENABLE_TESTABILITY = YES;
				GCC_C_LANGUAGE_STANDARD = gnu11;
				GCC_DYNAMIC_NO_PIC = NO;
				GCC_NO_COMMON_BLOCKS = YES;
				GCC_OPTIMIZATION_LEVEL = 0;
				GCC_PREPROCESSOR_DEFINITIONS = (
					"DEBUG=1",
					"$(inherited)",
				);
				GCC_WARN_64_TO_32_BIT_CONVERSION = YES;
				GCC_WARN_ABOUT_RETURN_TYPE = YES_ERROR;
				GCC_WARN_UNDECLARED_SELECTOR = YES;
				GCC_WARN_UNINITIALIZED_AUTOS = YES_AGGRESSIVE;
				GCC_WARN_UNUSED_FUNCTION = YES;
				GCC_WARN_UNUSED_VARIABLE = YES;
				IPHONEOS_DEPLOYMENT_TARGET = 16.4;
				MTL_ENABLE_DEBUG_INFO = INCLUDE_SOURCE;
				MTL_FAST_MATH = YES;
				ONLY_ACTIVE_ARCH = YES;
				SDKROOT = iphoneos;
				SWIFT_ACTIVE_COMPILATION_CONDITIONS = DEBUG;
				SWIFT_OPTIMIZATION_LEVEL = "-Onone";
			};
			name = Debug;
		};
		DA775A4D2AA0CAC20025C622 /* Release */ = {
			isa = XCBuildConfiguration;
			buildSettings = {
				ALWAYS_SEARCH_USER_PATHS = NO;
				CLANG_ANALYZER_NONNULL = YES;
				CLANG_ANALYZER_NUMBER_OBJECT_CONVERSION = YES_AGGRESSIVE;
				CLANG_CXX_LANGUAGE_STANDARD = "gnu++20";
				CLANG_ENABLE_MODULES = YES;
				CLANG_ENABLE_OBJC_ARC = YES;
				CLANG_ENABLE_OBJC_WEAK = YES;
				CLANG_WARN_BLOCK_CAPTURE_AUTORELEASING = YES;
				CLANG_WARN_BOOL_CONVERSION = YES;
				CLANG_WARN_COMMA = YES;
				CLANG_WARN_CONSTANT_CONVERSION = YES;
				CLANG_WARN_DEPRECATED_OBJC_IMPLEMENTATIONS = YES;
				CLANG_WARN_DIRECT_OBJC_ISA_USAGE = YES_ERROR;
				CLANG_WARN_DOCUMENTATION_COMMENTS = YES;
				CLANG_WARN_EMPTY_BODY = YES;
				CLANG_WARN_ENUM_CONVERSION = YES;
				CLANG_WARN_INFINITE_RECURSION = YES;
				CLANG_WARN_INT_CONVERSION = YES;
				CLANG_WARN_NON_LITERAL_NULL_CONVERSION = YES;
				CLANG_WARN_OBJC_IMPLICIT_RETAIN_SELF = YES;
				CLANG_WARN_OBJC_LITERAL_CONVERSION = YES;
				CLANG_WARN_OBJC_ROOT_CLASS = YES_ERROR;
				CLANG_WARN_QUOTED_INCLUDE_IN_FRAMEWORK_HEADER = YES;
				CLANG_WARN_RANGE_LOOP_ANALYSIS = YES;
				CLANG_WARN_STRICT_PROTOTYPES = YES;
				CLANG_WARN_SUSPICIOUS_MOVE = YES;
				CLANG_WARN_UNGUARDED_AVAILABILITY = YES_AGGRESSIVE;
				CLANG_WARN_UNREACHABLE_CODE = YES;
				CLANG_WARN__DUPLICATE_METHOD_MATCH = YES;
				COPY_PHASE_STRIP = NO;
				DEBUG_INFORMATION_FORMAT = "dwarf-with-dsym";
				ENABLE_NS_ASSERTIONS = NO;
				ENABLE_STRICT_OBJC_MSGSEND = YES;
				GCC_C_LANGUAGE_STANDARD = gnu11;
				GCC_NO_COMMON_BLOCKS = YES;
				GCC_WARN_64_TO_32_BIT_CONVERSION = YES;
				GCC_WARN_ABOUT_RETURN_TYPE = YES_ERROR;
				GCC_WARN_UNDECLARED_SELECTOR = YES;
				GCC_WARN_UNINITIALIZED_AUTOS = YES_AGGRESSIVE;
				GCC_WARN_UNUSED_FUNCTION = YES;
				GCC_WARN_UNUSED_VARIABLE = YES;
				IPHONEOS_DEPLOYMENT_TARGET = 16.4;
				MTL_ENABLE_DEBUG_INFO = NO;
				MTL_FAST_MATH = YES;
				SDKROOT = iphoneos;
				SWIFT_COMPILATION_MODE = wholemodule;
				SWIFT_OPTIMIZATION_LEVEL = "-O";
				VALIDATE_PRODUCT = YES;
			};
			name = Release;
		};
		DA775A4F2AA0CAC20025C622 /* Debug */ = {
			isa = XCBuildConfiguration;
			buildSettings = {
				ASSETCATALOG_COMPILER_APPICON_NAME = AppIcon;
				ASSETCATALOG_COMPILER_GLOBAL_ACCENT_COLOR_NAME = AccentColor;
				CODE_SIGN_STYLE = Automatic;
				CURRENT_PROJECT_VERSION = 1;
				DEVELOPMENT_TEAM = 7YAHT2XZPP;
				GENERATE_INFOPLIST_FILE = YES;
				INFOPLIST_FILE = DependencyInjection/Info.plist;
				INFOPLIST_KEY_UIApplicationSupportsIndirectInputEvents = YES;
				INFOPLIST_KEY_UILaunchStoryboardName = LaunchScreen;
				INFOPLIST_KEY_UIMainStoryboardFile = Main;
				INFOPLIST_KEY_UISupportedInterfaceOrientations_iPad = "UIInterfaceOrientationPortrait UIInterfaceOrientationPortraitUpsideDown UIInterfaceOrientationLandscapeLeft UIInterfaceOrientationLandscapeRight";
				INFOPLIST_KEY_UISupportedInterfaceOrientations_iPhone = "UIInterfaceOrientationPortrait UIInterfaceOrientationLandscapeLeft UIInterfaceOrientationLandscapeRight";
				LD_RUNPATH_SEARCH_PATHS = (
					"$(inherited)",
					"@executable_path/Frameworks",
				);
				MARKETING_VERSION = 1.0;
				PRODUCT_BUNDLE_IDENTIFIER = yakupacs.DependencyInjection;
				PRODUCT_NAME = "$(TARGET_NAME)";
				SWIFT_EMIT_LOC_STRINGS = YES;
				SWIFT_VERSION = 5.0;
				TARGETED_DEVICE_FAMILY = "1,2";
			};
			name = Debug;
		};
		DA775A502AA0CAC20025C622 /* Release */ = {
			isa = XCBuildConfiguration;
			buildSettings = {
				ASSETCATALOG_COMPILER_APPICON_NAME = AppIcon;
				ASSETCATALOG_COMPILER_GLOBAL_ACCENT_COLOR_NAME = AccentColor;
				CODE_SIGN_STYLE = Automatic;
				CURRENT_PROJECT_VERSION = 1;
				DEVELOPMENT_TEAM = 7YAHT2XZPP;
				GENERATE_INFOPLIST_FILE = YES;
				INFOPLIST_FILE = DependencyInjection/Info.plist;
				INFOPLIST_KEY_UIApplicationSupportsIndirectInputEvents = YES;
				INFOPLIST_KEY_UILaunchStoryboardName = LaunchScreen;
				INFOPLIST_KEY_UIMainStoryboardFile = Main;
				INFOPLIST_KEY_UISupportedInterfaceOrientations_iPad = "UIInterfaceOrientationPortrait UIInterfaceOrientationPortraitUpsideDown UIInterfaceOrientationLandscapeLeft UIInterfaceOrientationLandscapeRight";
				INFOPLIST_KEY_UISupportedInterfaceOrientations_iPhone = "UIInterfaceOrientationPortrait UIInterfaceOrientationLandscapeLeft UIInterfaceOrientationLandscapeRight";
				LD_RUNPATH_SEARCH_PATHS = (
					"$(inherited)",
					"@executable_path/Frameworks",
				);
				MARKETING_VERSION = 1.0;
				PRODUCT_BUNDLE_IDENTIFIER = yakupacs.DependencyInjection;
				PRODUCT_NAME = "$(TARGET_NAME)";
				SWIFT_EMIT_LOC_STRINGS = YES;
				SWIFT_VERSION = 5.0;
				TARGETED_DEVICE_FAMILY = "1,2";
			};
			name = Release;
		};
/* End XCBuildConfiguration section */

/* Begin XCConfigurationList section */
		DA775A352AA0CAC00025C622 /* Build configuration list for PBXProject "DependencyInjection" */ = {
			isa = XCConfigurationList;
			buildConfigurations = (
				DA775A4C2AA0CAC20025C622 /* Debug */,
				DA775A4D2AA0CAC20025C622 /* Release */,
			);
			defaultConfigurationIsVisible = 0;
			defaultConfigurationName = Release;
		};
		DA775A4E2AA0CAC20025C622 /* Build configuration list for PBXNativeTarget "DependencyInjection" */ = {
			isa = XCConfigurationList;
			buildConfigurations = (
				DA775A4F2AA0CAC20025C622 /* Debug */,
				DA775A502AA0CAC20025C622 /* Release */,
			);
			defaultConfigurationIsVisible = 0;
			defaultConfigurationName = Release;
		};
/* End XCConfigurationList section */

/* Begin XCRemoteSwiftPackageReference section */
		DA775A512AA0CAFC0025C622 /* XCRemoteSwiftPackageReference "Swinject" */ = {
			isa = XCRemoteSwiftPackageReference;
			repositoryURL = "https://github.com/Swinject/Swinject.git";
			requirement = {
				kind = upToNextMajorVersion;
				minimumVersion = 2.0.0;
			};
		};
/* End XCRemoteSwiftPackageReference section */

/* Begin XCSwiftPackageProductDependency section */
		DA775A522AA0CAFC0025C622 /* Swinject */ = {
			isa = XCSwiftPackageProductDependency;
			package = DA775A512AA0CAFC0025C622 /* XCRemoteSwiftPackageReference "Swinject" */;
			productName = Swinject;
		};
/* End XCSwiftPackageProductDependency section */
	};
	rootObject = DA775A322AA0CAC00025C622 /* Project object */;
}
