// !$*UTF8*$!
{
	archiveVersion = 1;
	classes = {
	};
	objectVersion = 50;
	objects = {

/* Begin PBXBuildFile section */
		352F34D528AC221B00B49742 /* AppDelegate.swift in Sources */ = {isa = PBXBuildFile; fileRef = 352F34D428AC221B00B49742 /* AppDelegate.swift */; };
		352F34D728AC221B00B49742 /* SceneDelegate.swift in Sources */ = {isa = PBXBuildFile; fileRef = 352F34D628AC221B00B49742 /* SceneDelegate.swift */; };
		352F34D928AC221B00B49742 /* ViewController.swift in Sources */ = {isa = PBXBuildFile; fileRef = 352F34D828AC221B00B49742 /* ViewController.swift */; };
		352F34DC28AC221B00B49742 /* Main.storyboard in Resources */ = {isa = PBXBuildFile; fileRef = 352F34DA28AC221B00B49742 /* Main.storyboard */; };
		352F34DF28AC221B00B49742 /* Iphone_Contacts.xcdatamodeld in Sources */ = {isa = PBXBuildFile; fileRef = 352F34DD28AC221B00B49742 /* Iphone_Contacts.xcdatamodeld */; };
		352F34E128AC221C00B49742 /* Assets.xcassets in Resources */ = {isa = PBXBuildFile; fileRef = 352F34E028AC221C00B49742 /* Assets.xcassets */; };
		352F34E428AC221C00B49742 /* LaunchScreen.storyboard in Resources */ = {isa = PBXBuildFile; fileRef = 352F34E228AC221C00B49742 /* LaunchScreen.storyboard */; };
		357A69B128AD2BB60052EFAA /* ViewControllerAddUser.swift in Sources */ = {isa = PBXBuildFile; fileRef = 357A69B028AD2BB60052EFAA /* ViewControllerAddUser.swift */; };
		357A69B828AD47DA0052EFAA /* ViewControllerDetails.swift in Sources */ = {isa = PBXBuildFile; fileRef = 357A69B728AD47DA0052EFAA /* ViewControllerDetails.swift */; };
/* End PBXBuildFile section */

/* Begin PBXFileReference section */
		352F34D128AC221B00B49742 /* Iphone Contacts.app */ = {isa = PBXFileReference; explicitFileType = wrapper.application; includeInIndex = 0; path = "Iphone Contacts.app"; sourceTree = BUILT_PRODUCTS_DIR; };
		352F34D428AC221B00B49742 /* AppDelegate.swift */ = {isa = PBXFileReference; lastKnownFileType = sourcecode.swift; path = AppDelegate.swift; sourceTree = "<group>"; };
		352F34D628AC221B00B49742 /* SceneDelegate.swift */ = {isa = PBXFileReference; lastKnownFileType = sourcecode.swift; path = SceneDelegate.swift; sourceTree = "<group>"; };
		352F34D828AC221B00B49742 /* ViewController.swift */ = {isa = PBXFileReference; lastKnownFileType = sourcecode.swift; path = ViewController.swift; sourceTree = "<group>"; };
		352F34DB28AC221B00B49742 /* Base */ = {isa = PBXFileReference; lastKnownFileType = file.storyboard; name = Base; path = Base.lproj/Main.storyboard; sourceTree = "<group>"; };
		352F34DE28AC221B00B49742 /* Iphone_Contacts.xcdatamodel */ = {isa = PBXFileReference; lastKnownFileType = wrapper.xcdatamodel; path = Iphone_Contacts.xcdatamodel; sourceTree = "<group>"; };
		352F34E028AC221C00B49742 /* Assets.xcassets */ = {isa = PBXFileReference; lastKnownFileType = folder.assetcatalog; path = Assets.xcassets; sourceTree = "<group>"; };
		352F34E328AC221C00B49742 /* Base */ = {isa = PBXFileReference; lastKnownFileType = file.storyboard; name = Base; path = Base.lproj/LaunchScreen.storyboard; sourceTree = "<group>"; };
		352F34E528AC221C00B49742 /* Info.plist */ = {isa = PBXFileReference; lastKnownFileType = text.plist.xml; path = Info.plist; sourceTree = "<group>"; };
		357A69B028AD2BB60052EFAA /* ViewControllerAddUser.swift */ = {isa = PBXFileReference; lastKnownFileType = sourcecode.swift; path = ViewControllerAddUser.swift; sourceTree = "<group>"; };
		357A69B728AD47DA0052EFAA /* ViewControllerDetails.swift */ = {isa = PBXFileReference; lastKnownFileType = sourcecode.swift; path = ViewControllerDetails.swift; sourceTree = "<group>"; };
/* End PBXFileReference section */

/* Begin PBXFrameworksBuildPhase section */
		352F34CE28AC221B00B49742 /* Frameworks */ = {
			isa = PBXFrameworksBuildPhase;
			buildActionMask = 2147483647;
			files = (
			);
			runOnlyForDeploymentPostprocessing = 0;
		};
/* End PBXFrameworksBuildPhase section */

/* Begin PBXGroup section */
		352F34C828AC221B00B49742 = {
			isa = PBXGroup;
			children = (
				352F34D328AC221B00B49742 /* Iphone Contacts */,
				352F34D228AC221B00B49742 /* Products */,
			);
			sourceTree = "<group>";
		};
		352F34D228AC221B00B49742 /* Products */ = {
			isa = PBXGroup;
			children = (
				352F34D128AC221B00B49742 /* Iphone Contacts.app */,
			);
			name = Products;
			sourceTree = "<group>";
		};
		352F34D328AC221B00B49742 /* Iphone Contacts */ = {
			isa = PBXGroup;
			children = (
				352F34D428AC221B00B49742 /* AppDelegate.swift */,
				352F34D628AC221B00B49742 /* SceneDelegate.swift */,
				352F34D828AC221B00B49742 /* ViewController.swift */,
				357A69B028AD2BB60052EFAA /* ViewControllerAddUser.swift */,
				357A69B728AD47DA0052EFAA /* ViewControllerDetails.swift */,
				352F34DA28AC221B00B49742 /* Main.storyboard */,
				352F34E028AC221C00B49742 /* Assets.xcassets */,
				352F34E228AC221C00B49742 /* LaunchScreen.storyboard */,
				352F34E528AC221C00B49742 /* Info.plist */,
				352F34DD28AC221B00B49742 /* Iphone_Contacts.xcdatamodeld */,
			);
			path = "Iphone Contacts";
			sourceTree = "<group>";
		};
/* End PBXGroup section */

/* Begin PBXNativeTarget section */
		352F34D028AC221B00B49742 /* Iphone Contacts */ = {
			isa = PBXNativeTarget;
			buildConfigurationList = 352F34E828AC221C00B49742 /* Build configuration list for PBXNativeTarget "Iphone Contacts" */;
			buildPhases = (
				352F34CD28AC221B00B49742 /* Sources */,
				352F34CE28AC221B00B49742 /* Frameworks */,
				352F34CF28AC221B00B49742 /* Resources */,
			);
			buildRules = (
			);
			dependencies = (
			);
			name = "Iphone Contacts";
			productName = "Iphone Contacts";
			productReference = 352F34D128AC221B00B49742 /* Iphone Contacts.app */;
			productType = "com.apple.product-type.application";
		};
/* End PBXNativeTarget section */

/* Begin PBXProject section */
		352F34C928AC221B00B49742 /* Project object */ = {
			isa = PBXProject;
			attributes = {
				LastSwiftUpdateCheck = 1230;
				LastUpgradeCheck = 1230;
				TargetAttributes = {
					352F34D028AC221B00B49742 = {
						CreatedOnToolsVersion = 12.3;
					};
				};
			};
			buildConfigurationList = 352F34CC28AC221B00B49742 /* Build configuration list for PBXProject "Iphone Contacts" */;
			compatibilityVersion = "Xcode 9.3";
			developmentRegion = en;
			hasScannedForEncodings = 0;
			knownRegions = (
				en,
				Base,
			);
			mainGroup = 352F34C828AC221B00B49742;
			productRefGroup = 352F34D228AC221B00B49742 /* Products */;
			projectDirPath = "";
			projectRoot = "";
			targets = (
				352F34D028AC221B00B49742 /* Iphone Contacts */,
			);
		};
/* End PBXProject section */

/* Begin PBXResourcesBuildPhase section */
		352F34CF28AC221B00B49742 /* Resources */ = {
			isa = PBXResourcesBuildPhase;
			buildActionMask = 2147483647;
			files = (
				352F34E428AC221C00B49742 /* LaunchScreen.storyboard in Resources */,
				352F34E128AC221C00B49742 /* Assets.xcassets in Resources */,
				352F34DC28AC221B00B49742 /* Main.storyboard in Resources */,
			);
			runOnlyForDeploymentPostprocessing = 0;
		};
/* End PBXResourcesBuildPhase section */

/* Begin PBXSourcesBuildPhase section */
		352F34CD28AC221B00B49742 /* Sources */ = {
			isa = PBXSourcesBuildPhase;
			buildActionMask = 2147483647;
			files = (
				357A69B128AD2BB60052EFAA /* ViewControllerAddUser.swift in Sources */,
				357A69B828AD47DA0052EFAA /* ViewControllerDetails.swift in Sources */,
				352F34D928AC221B00B49742 /* ViewController.swift in Sources */,
				352F34DF28AC221B00B49742 /* Iphone_Contacts.xcdatamodeld in Sources */,
				352F34D528AC221B00B49742 /* AppDelegate.swift in Sources */,
				352F34D728AC221B00B49742 /* SceneDelegate.swift in Sources */,
			);
			runOnlyForDeploymentPostprocessing = 0;
		};
/* End PBXSourcesBuildPhase section */

/* Begin PBXVariantGroup section */
		352F34DA28AC221B00B49742 /* Main.storyboard */ = {
			isa = PBXVariantGroup;
			children = (
				352F34DB28AC221B00B49742 /* Base */,
			);
			name = Main.storyboard;
			sourceTree = "<group>";
		};
		352F34E228AC221C00B49742 /* LaunchScreen.storyboard */ = {
			isa = PBXVariantGroup;
			children = (
				352F34E328AC221C00B49742 /* Base */,
			);
			name = LaunchScreen.storyboard;
			sourceTree = "<group>";
		};
/* End PBXVariantGroup section */

/* Begin XCBuildConfiguration section */
		352F34E628AC221C00B49742 /* Debug */ = {
			isa = XCBuildConfiguration;
			buildSettings = {
				ALWAYS_SEARCH_USER_PATHS = NO;
				CLANG_ANALYZER_NONNULL = YES;
				CLANG_ANALYZER_NUMBER_OBJECT_CONVERSION = YES_AGGRESSIVE;
				CLANG_CXX_LANGUAGE_STANDARD = "gnu++14";
				CLANG_CXX_LIBRARY = "libc++";
				CLANG_ENABLE_MODULES = YES;
				CLANG_ENABLE_OBJC_ARC = YES;
				CLANG_ENABLE_OBJC_WEAK = YES;
				CLANG_WARN_BLOCK_CAPTURE_AUTORELEASING = YES;
				CLANG_WARN_BOOL_CONVERSION = YES;
				CLANG_WARN_COMMA = YES;
				CLANG_WARN_CONSTANT_CONVERSION = YES;
				CLANG_WARN_DEPRECATED_OBJC_IMPLEMENTATIONS = YES;
				CLANG_WARN_DIRECT_OBJC_ISA_USAGE = YES_ERROR;
				CLANG_WARN_DOCUMENTATION_COMMENTS = YES;
				CLANG_WARN_EMPTY_BODY = YES;
				CLANG_WARN_ENUM_CONVERSION = YES;
				CLANG_WARN_INFINITE_RECURSION = YES;
				CLANG_WARN_INT_CONVERSION = YES;
				CLANG_WARN_NON_LITERAL_NULL_CONVERSION = YES;
				CLANG_WARN_OBJC_IMPLICIT_RETAIN_SELF = YES;
				CLANG_WARN_OBJC_LITERAL_CONVERSION = YES;
				CLANG_WARN_OBJC_ROOT_CLASS = YES_ERROR;
				CLANG_WARN_QUOTED_INCLUDE_IN_FRAMEWORK_HEADER = YES;
				CLANG_WARN_RANGE_LOOP_ANALYSIS = YES;
				CLANG_WARN_STRICT_PROTOTYPES = YES;
				CLANG_WARN_SUSPICIOUS_MOVE = YES;
				CLANG_WARN_UNGUARDED_AVAILABILITY = YES_AGGRESSIVE;
				CLANG_WARN_UNREACHABLE_CODE = YES;
				CLANG_WARN__DUPLICATE_METHOD_MATCH = YES;
				COPY_PHASE_STRIP = NO;
				DEBUG_INFORMATION_FORMAT = dwarf;
				ENABLE_STRICT_OBJC_MSGSEND = YES;
				ENABLE_TESTABILITY = YES;
				GCC_C_LANGUAGE_STANDARD = gnu11;
				GCC_DYNAMIC_NO_PIC = NO;
				GCC_NO_COMMON_BLOCKS = YES;
				GCC_OPTIMIZATION_LEVEL = 0;
				GCC_PREPROCESSOR_DEFINITIONS = (
					"DEBUG=1",
					"$(inherited)",
				);
				GCC_WARN_64_TO_32_BIT_CONVERSION = YES;
				GCC_WARN_ABOUT_RETURN_TYPE = YES_ERROR;
				GCC_WARN_UNDECLARED_SELECTOR = YES;
				GCC_WARN_UNINITIALIZED_AUTOS = YES_AGGRESSIVE;
				GCC_WARN_UNUSED_FUNCTION = YES;
				GCC_WARN_UNUSED_VARIABLE = YES;
				IPHONEOS_DEPLOYMENT_TARGET = 14.3;
				MTL_ENABLE_DEBUG_INFO = INCLUDE_SOURCE;
				MTL_FAST_MATH = YES;
				ONLY_ACTIVE_ARCH = YES;
				SDKROOT = iphoneos;
				SWIFT_ACTIVE_COMPILATION_CONDITIONS = DEBUG;
				SWIFT_OPTIMIZATION_LEVEL = "-Onone";
			};
			name = Debug;
		};
		352F34E728AC221C00B49742 /* Release */ = {
			isa = XCBuildConfiguration;
			buildSettings = {
				ALWAYS_SEARCH_USER_PATHS = NO;
				CLANG_ANALYZER_NONNULL = YES;
				CLANG_ANALYZER_NUMBER_OBJECT_CONVERSION = YES_AGGRESSIVE;
				CLANG_CXX_LANGUAGE_STANDARD = "gnu++14";
				CLANG_CXX_LIBRARY = "libc++";
				CLANG_ENABLE_MODULES = YES;
				CLANG_ENABLE_OBJC_ARC = YES;
				CLANG_ENABLE_OBJC_WEAK = YES;
				CLANG_WARN_BLOCK_CAPTURE_AUTORELEASING = YES;
				CLANG_WARN_BOOL_CONVERSION = YES;
				CLANG_WARN_COMMA = YES;
				CLANG_WARN_CONSTANT_CONVERSION = YES;
				CLANG_WARN_DEPRECATED_OBJC_IMPLEMENTATIONS = YES;
				CLANG_WARN_DIRECT_OBJC_ISA_USAGE = YES_ERROR;
				CLANG_WARN_DOCUMENTATION_COMMENTS = YES;
				CLANG_WARN_EMPTY_BODY = YES;
				CLANG_WARN_ENUM_CONVERSION = YES;
				CLANG_WARN_INFINITE_RECURSION = YES;
				CLANG_WARN_INT_CONVERSION = YES;
				CLANG_WARN_NON_LITERAL_NULL_CONVERSION = YES;
				CLANG_WARN_OBJC_IMPLICIT_RETAIN_SELF = YES;
				CLANG_WARN_OBJC_LITERAL_CONVERSION = YES;
				CLANG_WARN_OBJC_ROOT_CLASS = YES_ERROR;
				CLANG_WARN_QUOTED_INCLUDE_IN_FRAMEWORK_HEADER = YES;
				CLANG_WARN_RANGE_LOOP_ANALYSIS = YES;
				CLANG_WARN_STRICT_PROTOTYPES = YES;
				CLANG_WARN_SUSPICIOUS_MOVE = YES;
				CLANG_WARN_UNGUARDED_AVAILABILITY = YES_AGGRESSIVE;
				CLANG_WARN_UNREACHABLE_CODE = YES;
				CLANG_WARN__DUPLICATE_METHOD_MATCH = YES;
				COPY_PHASE_STRIP = NO;
				DEBUG_INFORMATION_FORMAT = "dwarf-with-dsym";
				ENABLE_NS_ASSERTIONS = NO;
				ENABLE_STRICT_OBJC_MSGSEND = YES;
				GCC_C_LANGUAGE_STANDARD = gnu11;
				GCC_NO_COMMON_BLOCKS = YES;
				GCC_WARN_64_TO_32_BIT_CONVERSION = YES;
				GCC_WARN_ABOUT_RETURN_TYPE = YES_ERROR;
				GCC_WARN_UNDECLARED_SELECTOR = YES;
				GCC_WARN_UNINITIALIZED_AUTOS = YES_AGGRESSIVE;
				GCC_WARN_UNUSED_FUNCTION = YES;
				GCC_WARN_UNUSED_VARIABLE = YES;
				IPHONEOS_DEPLOYMENT_TARGET = 14.3;
				MTL_ENABLE_DEBUG_INFO = NO;
				MTL_FAST_MATH = YES;
				SDKROOT = iphoneos;
				SWIFT_COMPILATION_MODE = wholemodule;
				SWIFT_OPTIMIZATION_LEVEL = "-O";
				VALIDATE_PRODUCT = YES;
			};
			name = Release;
		};
		352F34E928AC221C00B49742 /* Debug */ = {
			isa = XCBuildConfiguration;
			buildSettings = {
				ASSETCATALOG_COMPILER_APPICON_NAME = AppIcon;
				ASSETCATALOG_COMPILER_GLOBAL_ACCENT_COLOR_NAME = AccentColor;
				CODE_SIGN_STYLE = Automatic;
				INFOPLIST_FILE = "Iphone Contacts/Info.plist";
				LD_RUNPATH_SEARCH_PATHS = (
					"$(inherited)",
					"@executable_path/Frameworks",
				);
				PRODUCT_BUNDLE_IDENTIFIER = "yakupApp.Iphone-Contacts";
				PRODUCT_NAME = "$(TARGET_NAME)";
				SWIFT_VERSION = 5.0;
				TARGETED_DEVICE_FAMILY = "1,2";
			};
			name = Debug;
		};
		352F34EA28AC221C00B49742 /* Release */ = {
			isa = XCBuildConfiguration;
			buildSettings = {
				ASSETCATALOG_COMPILER_APPICON_NAME = AppIcon;
				ASSETCATALOG_COMPILER_GLOBAL_ACCENT_COLOR_NAME = AccentColor;
				CODE_SIGN_STYLE = Automatic;
				INFOPLIST_FILE = "Iphone Contacts/Info.plist";
				LD_RUNPATH_SEARCH_PATHS = (
					"$(inherited)",
					"@executable_path/Frameworks",
				);
				PRODUCT_BUNDLE_IDENTIFIER = "yakupApp.Iphone-Contacts";
				PRODUCT_NAME = "$(TARGET_NAME)";
				SWIFT_VERSION = 5.0;
				TARGETED_DEVICE_FAMILY = "1,2";
			};
			name = Release;
		};
/* End XCBuildConfiguration section */

/* Begin XCConfigurationList section */
		352F34CC28AC221B00B49742 /* Build configuration list for PBXProject "Iphone Contacts" */ = {
			isa = XCConfigurationList;
			buildConfigurations = (
				352F34E628AC221C00B49742 /* Debug */,
				352F34E728AC221C00B49742 /* Release */,
			);
			defaultConfigurationIsVisible = 0;
			defaultConfigurationName = Release;
		};
		352F34E828AC221C00B49742 /* Build configuration list for PBXNativeTarget "Iphone Contacts" */ = {
			isa = XCConfigurationList;
			buildConfigurations = (
				352F34E928AC221C00B49742 /* Debug */,
				352F34EA28AC221C00B49742 /* Release */,
			);
			defaultConfigurationIsVisible = 0;
			defaultConfigurationName = Release;
		};
/* End XCConfigurationList section */

/* Begin XCVersionGroup section */
		352F34DD28AC221B00B49742 /* Iphone_Contacts.xcdatamodeld */ = {
			isa = XCVersionGroup;
			children = (
				352F34DE28AC221B00B49742 /* Iphone_Contacts.xcdatamodel */,
			);
			currentVersion = 352F34DE28AC221B00B49742 /* Iphone_Contacts.xcdatamodel */;
			path = Iphone_Contacts.xcdatamodeld;
			sourceTree = "<group>";
			versionGroupType = wrapper.xcdatamodel;
		};
/* End XCVersionGroup section */
	};
	rootObject = 352F34C928AC221B00B49742 /* Project object */;
}
