// !$*UTF8*$!
{
	archiveVersion = 1;
	classes = {
	};
	objectVersion = 50;
	objects = {

/* Begin PBXBuildFile section */
		D0D5DE9E28A67E7D00206717 /* AppDelegate.swift in Sources */ = {isa = PBXBuildFile; fileRef = D0D5DE9D28A67E7D00206717 /* AppDelegate.swift */; };
		D0D5DEA028A67E7D00206717 /* SceneDelegate.swift in Sources */ = {isa = PBXBuildFile; fileRef = D0D5DE9F28A67E7D00206717 /* SceneDelegate.swift */; };
		D0D5DEA228A67E7D00206717 /* ViewController.swift in Sources */ = {isa = PBXBuildFile; fileRef = D0D5DEA128A67E7D00206717 /* ViewController.swift */; };
		D0D5DEA528A67E7D00206717 /* Main.storyboard in Resources */ = {isa = PBXBuildFile; fileRef = D0D5DEA328A67E7D00206717 /* Main.storyboard */; };
		D0D5DEA828A67E7D00206717 /* Training.xcdatamodeld in Sources */ = {isa = PBXBuildFile; fileRef = D0D5DEA628A67E7D00206717 /* Training.xcdatamodeld */; };
		D0D5DEAA28A67E7F00206717 /* Assets.xcassets in Resources */ = {isa = PBXBuildFile; fileRef = D0D5DEA928A67E7F00206717 /* Assets.xcassets */; };
		D0D5DEAD28A67E7F00206717 /* LaunchScreen.storyboard in Resources */ = {isa = PBXBuildFile; fileRef = D0D5DEAB28A67E7F00206717 /* LaunchScreen.storyboard */; };
		D0D5DEB628A687AF00206717 /* ViewControllerMovies.swift in Sources */ = {isa = PBXBuildFile; fileRef = D0D5DEB528A687AF00206717 /* ViewControllerMovies.swift */; };
		D0D5DEB928A687DA00206717 /* ViewControllerMoviesDetails.swift in Sources */ = {isa = PBXBuildFile; fileRef = D0D5DEB828A687DA00206717 /* ViewControllerMoviesDetails.swift */; };
		D0D5DEBE28A687FA00206717 /* ViewControllerSeries.swift in Sources */ = {isa = PBXBuildFile; fileRef = D0D5DEBD28A687FA00206717 /* ViewControllerSeries.swift */; };
		D0D5DEC128A6881B00206717 /* ViewControllerSeriesDetails.swift in Sources */ = {isa = PBXBuildFile; fileRef = D0D5DEC028A6881B00206717 /* ViewControllerSeriesDetails.swift */; };
		D0D5DEC528A6884800206717 /* Movies.swift in Sources */ = {isa = PBXBuildFile; fileRef = D0D5DEC428A6884800206717 /* Movies.swift */; };
		D0D5DEC828A6885400206717 /* Series.swift in Sources */ = {isa = PBXBuildFile; fileRef = D0D5DEC728A6885400206717 /* Series.swift */; };
/* End PBXBuildFile section */

/* Begin PBXFileReference section */
		D0D5DE9A28A67E7D00206717 /* Training.app */ = {isa = PBXFileReference; explicitFileType = wrapper.application; includeInIndex = 0; path = Training.app; sourceTree = BUILT_PRODUCTS_DIR; };
		D0D5DE9D28A67E7D00206717 /* AppDelegate.swift */ = {isa = PBXFileReference; lastKnownFileType = sourcecode.swift; path = AppDelegate.swift; sourceTree = "<group>"; };
		D0D5DE9F28A67E7D00206717 /* SceneDelegate.swift */ = {isa = PBXFileReference; lastKnownFileType = sourcecode.swift; path = SceneDelegate.swift; sourceTree = "<group>"; };
		D0D5DEA128A67E7D00206717 /* ViewController.swift */ = {isa = PBXFileReference; lastKnownFileType = sourcecode.swift; path = ViewController.swift; sourceTree = "<group>"; };
		D0D5DEA428A67E7D00206717 /* Base */ = {isa = PBXFileReference; lastKnownFileType = file.storyboard; name = Base; path = Base.lproj/Main.storyboard; sourceTree = "<group>"; };
		D0D5DEA728A67E7D00206717 /* Training.xcdatamodel */ = {isa = PBXFileReference; lastKnownFileType = wrapper.xcdatamodel; path = Training.xcdatamodel; sourceTree = "<group>"; };
		D0D5DEA928A67E7F00206717 /* Assets.xcassets */ = {isa = PBXFileReference; lastKnownFileType = folder.assetcatalog; path = Assets.xcassets; sourceTree = "<group>"; };
		D0D5DEAC28A67E7F00206717 /* Base */ = {isa = PBXFileReference; lastKnownFileType = file.storyboard; name = Base; path = Base.lproj/LaunchScreen.storyboard; sourceTree = "<group>"; };
		D0D5DEAE28A67E7F00206717 /* Info.plist */ = {isa = PBXFileReference; lastKnownFileType = text.plist.xml; path = Info.plist; sourceTree = "<group>"; };
		D0D5DEB528A687AF00206717 /* ViewControllerMovies.swift */ = {isa = PBXFileReference; lastKnownFileType = sourcecode.swift; path = ViewControllerMovies.swift; sourceTree = "<group>"; };
		D0D5DEB828A687DA00206717 /* ViewControllerMoviesDetails.swift */ = {isa = PBXFileReference; lastKnownFileType = sourcecode.swift; path = ViewControllerMoviesDetails.swift; sourceTree = "<group>"; };
		D0D5DEBD28A687FA00206717 /* ViewControllerSeries.swift */ = {isa = PBXFileReference; lastKnownFileType = sourcecode.swift; path = ViewControllerSeries.swift; sourceTree = "<group>"; };
		D0D5DEC028A6881B00206717 /* ViewControllerSeriesDetails.swift */ = {isa = PBXFileReference; lastKnownFileType = sourcecode.swift; path = ViewControllerSeriesDetails.swift; sourceTree = "<group>"; };
		D0D5DEC428A6884800206717 /* Movies.swift */ = {isa = PBXFileReference; lastKnownFileType = sourcecode.swift; path = Movies.swift; sourceTree = "<group>"; };
		D0D5DEC728A6885400206717 /* Series.swift */ = {isa = PBXFileReference; lastKnownFileType = sourcecode.swift; path = Series.swift; sourceTree = "<group>"; };
/* End PBXFileReference section */

/* Begin PBXFrameworksBuildPhase section */
		D0D5DE9728A67E7D00206717 /* Frameworks */ = {
			isa = PBXFrameworksBuildPhase;
			buildActionMask = 2147483647;
			files = (
			);
			runOnlyForDeploymentPostprocessing = 0;
		};
/* End PBXFrameworksBuildPhase section */

/* Begin PBXGroup section */
		D0D5DE9128A67E7D00206717 = {
			isa = PBXGroup;
			children = (
				D0D5DE9C28A67E7D00206717 /* Training */,
				D0D5DE9B28A67E7D00206717 /* Products */,
			);
			sourceTree = "<group>";
		};
		D0D5DE9B28A67E7D00206717 /* Products */ = {
			isa = PBXGroup;
			children = (
				D0D5DE9A28A67E7D00206717 /* Training.app */,
			);
			name = Products;
			sourceTree = "<group>";
		};
		D0D5DE9C28A67E7D00206717 /* Training */ = {
			isa = PBXGroup;
			children = (
				D0D5DEC428A6884800206717 /* Movies.swift */,
				D0D5DEC728A6885400206717 /* Series.swift */,
				D0D5DE9D28A67E7D00206717 /* AppDelegate.swift */,
				D0D5DE9F28A67E7D00206717 /* SceneDelegate.swift */,
				D0D5DEA128A67E7D00206717 /* ViewController.swift */,
				D0D5DEB528A687AF00206717 /* ViewControllerMovies.swift */,
				D0D5DEBD28A687FA00206717 /* ViewControllerSeries.swift */,
				D0D5DEB828A687DA00206717 /* ViewControllerMoviesDetails.swift */,
				D0D5DEC028A6881B00206717 /* ViewControllerSeriesDetails.swift */,
				D0D5DEA328A67E7D00206717 /* Main.storyboard */,
				D0D5DEA928A67E7F00206717 /* Assets.xcassets */,
				D0D5DEAB28A67E7F00206717 /* LaunchScreen.storyboard */,
				D0D5DEAE28A67E7F00206717 /* Info.plist */,
				D0D5DEA628A67E7D00206717 /* Training.xcdatamodeld */,
			);
			path = Training;
			sourceTree = "<group>";
		};
/* End PBXGroup section */

/* Begin PBXNativeTarget section */
		D0D5DE9928A67E7D00206717 /* Training */ = {
			isa = PBXNativeTarget;
			buildConfigurationList = D0D5DEB128A67E7F00206717 /* Build configuration list for PBXNativeTarget "Training" */;
			buildPhases = (
				D0D5DE9628A67E7D00206717 /* Sources */,
				D0D5DE9728A67E7D00206717 /* Frameworks */,
				D0D5DE9828A67E7D00206717 /* Resources */,
			);
			buildRules = (
			);
			dependencies = (
			);
			name = Training;
			productName = Training;
			productReference = D0D5DE9A28A67E7D00206717 /* Training.app */;
			productType = "com.apple.product-type.application";
		};
/* End PBXNativeTarget section */

/* Begin PBXProject section */
		D0D5DE9228A67E7D00206717 /* Project object */ = {
			isa = PBXProject;
			attributes = {
				LastSwiftUpdateCheck = 1230;
				LastUpgradeCheck = 1230;
				TargetAttributes = {
					D0D5DE9928A67E7D00206717 = {
						CreatedOnToolsVersion = 12.3;
					};
				};
			};
			buildConfigurationList = D0D5DE9528A67E7D00206717 /* Build configuration list for PBXProject "Training" */;
			compatibilityVersion = "Xcode 9.3";
			developmentRegion = en;
			hasScannedForEncodings = 0;
			knownRegions = (
				en,
				Base,
			);
			mainGroup = D0D5DE9128A67E7D00206717;
			productRefGroup = D0D5DE9B28A67E7D00206717 /* Products */;
			projectDirPath = "";
			projectRoot = "";
			targets = (
				D0D5DE9928A67E7D00206717 /* Training */,
			);
		};
/* End PBXProject section */

/* Begin PBXResourcesBuildPhase section */
		D0D5DE9828A67E7D00206717 /* Resources */ = {
			isa = PBXResourcesBuildPhase;
			buildActionMask = 2147483647;
			files = (
				D0D5DEAD28A67E7F00206717 /* LaunchScreen.storyboard in Resources */,
				D0D5DEAA28A67E7F00206717 /* Assets.xcassets in Resources */,
				D0D5DEA528A67E7D00206717 /* Main.storyboard in Resources */,
			);
			runOnlyForDeploymentPostprocessing = 0;
		};
/* End PBXResourcesBuildPhase section */

/* Begin PBXSourcesBuildPhase section */
		D0D5DE9628A67E7D00206717 /* Sources */ = {
			isa = PBXSourcesBuildPhase;
			buildActionMask = 2147483647;
			files = (
				D0D5DEB928A687DA00206717 /* ViewControllerMoviesDetails.swift in Sources */,
				D0D5DEA228A67E7D00206717 /* ViewController.swift in Sources */,
				D0D5DEA828A67E7D00206717 /* Training.xcdatamodeld in Sources */,
				D0D5DEBE28A687FA00206717 /* ViewControllerSeries.swift in Sources */,
				D0D5DEC828A6885400206717 /* Series.swift in Sources */,
				D0D5DEC128A6881B00206717 /* ViewControllerSeriesDetails.swift in Sources */,
				D0D5DEC528A6884800206717 /* Movies.swift in Sources */,
				D0D5DE9E28A67E7D00206717 /* AppDelegate.swift in Sources */,
				D0D5DEB628A687AF00206717 /* ViewControllerMovies.swift in Sources */,
				D0D5DEA028A67E7D00206717 /* SceneDelegate.swift in Sources */,
			);
			runOnlyForDeploymentPostprocessing = 0;
		};
/* End PBXSourcesBuildPhase section */

/* Begin PBXVariantGroup section */
		D0D5DEA328A67E7D00206717 /* Main.storyboard */ = {
			isa = PBXVariantGroup;
			children = (
				D0D5DEA428A67E7D00206717 /* Base */,
			);
			name = Main.storyboard;
			sourceTree = "<group>";
		};
		D0D5DEAB28A67E7F00206717 /* LaunchScreen.storyboard */ = {
			isa = PBXVariantGroup;
			children = (
				D0D5DEAC28A67E7F00206717 /* Base */,
			);
			name = LaunchScreen.storyboard;
			sourceTree = "<group>";
		};
/* End PBXVariantGroup section */

/* Begin XCBuildConfiguration section */
		D0D5DEAF28A67E7F00206717 /* Debug */ = {
			isa = XCBuildConfiguration;
			buildSettings = {
				ALWAYS_SEARCH_USER_PATHS = NO;
				CLANG_ANALYZER_NONNULL = YES;
				CLANG_ANALYZER_NUMBER_OBJECT_CONVERSION = YES_AGGRESSIVE;
				CLANG_CXX_LANGUAGE_STANDARD = "gnu++14";
				CLANG_CXX_LIBRARY = "libc++";
				CLANG_ENABLE_MODULES = YES;
				CLANG_ENABLE_OBJC_ARC = YES;
				CLANG_ENABLE_OBJC_WEAK = YES;
				CLANG_WARN_BLOCK_CAPTURE_AUTORELEASING = YES;
				CLANG_WARN_BOOL_CONVERSION = YES;
				CLANG_WARN_COMMA = YES;
				CLANG_WARN_CONSTANT_CONVERSION = YES;
				CLANG_WARN_DEPRECATED_OBJC_IMPLEMENTATIONS = YES;
				CLANG_WARN_DIRECT_OBJC_ISA_USAGE = YES_ERROR;
				CLANG_WARN_DOCUMENTATION_COMMENTS = YES;
				CLANG_WARN_EMPTY_BODY = YES;
				CLANG_WARN_ENUM_CONVERSION = YES;
				CLANG_WARN_INFINITE_RECURSION = YES;
				CLANG_WARN_INT_CONVERSION = YES;
				CLANG_WARN_NON_LITERAL_NULL_CONVERSION = YES;
				CLANG_WARN_OBJC_IMPLICIT_RETAIN_SELF = YES;
				CLANG_WARN_OBJC_LITERAL_CONVERSION = YES;
				CLANG_WARN_OBJC_ROOT_CLASS = YES_ERROR;
				CLANG_WARN_QUOTED_INCLUDE_IN_FRAMEWORK_HEADER = YES;
				CLANG_WARN_RANGE_LOOP_ANALYSIS = YES;
				CLANG_WARN_STRICT_PROTOTYPES = YES;
				CLANG_WARN_SUSPICIOUS_MOVE = YES;
				CLANG_WARN_UNGUARDED_AVAILABILITY = YES_AGGRESSIVE;
				CLANG_WARN_UNREACHABLE_CODE = YES;
				CLANG_WARN__DUPLICATE_METHOD_MATCH = YES;
				COPY_PHASE_STRIP = NO;
				DEBUG_INFORMATION_FORMAT = dwarf;
				ENABLE_STRICT_OBJC_MSGSEND = YES;
				ENABLE_TESTABILITY = YES;
				GCC_C_LANGUAGE_STANDARD = gnu11;
				GCC_DYNAMIC_NO_PIC = NO;
				GCC_NO_COMMON_BLOCKS = YES;
				GCC_OPTIMIZATION_LEVEL = 0;
				GCC_PREPROCESSOR_DEFINITIONS = (
					"DEBUG=1",
					"$(inherited)",
				);
				GCC_WARN_64_TO_32_BIT_CONVERSION = YES;
				GCC_WARN_ABOUT_RETURN_TYPE = YES_ERROR;
				GCC_WARN_UNDECLARED_SELECTOR = YES;
				GCC_WARN_UNINITIALIZED_AUTOS = YES_AGGRESSIVE;
				GCC_WARN_UNUSED_FUNCTION = YES;
				GCC_WARN_UNUSED_VARIABLE = YES;
				IPHONEOS_DEPLOYMENT_TARGET = 14.3;
				MTL_ENABLE_DEBUG_INFO = INCLUDE_SOURCE;
				MTL_FAST_MATH = YES;
				ONLY_ACTIVE_ARCH = YES;
				SDKROOT = iphoneos;
				SWIFT_ACTIVE_COMPILATION_CONDITIONS = DEBUG;
				SWIFT_OPTIMIZATION_LEVEL = "-Onone";
			};
			name = Debug;
		};
		D0D5DEB028A67E7F00206717 /* Release */ = {
			isa = XCBuildConfiguration;
			buildSettings = {
				ALWAYS_SEARCH_USER_PATHS = NO;
				CLANG_ANALYZER_NONNULL = YES;
				CLANG_ANALYZER_NUMBER_OBJECT_CONVERSION = YES_AGGRESSIVE;
				CLANG_CXX_LANGUAGE_STANDARD = "gnu++14";
				CLANG_CXX_LIBRARY = "libc++";
				CLANG_ENABLE_MODULES = YES;
				CLANG_ENABLE_OBJC_ARC = YES;
				CLANG_ENABLE_OBJC_WEAK = YES;
				CLANG_WARN_BLOCK_CAPTURE_AUTORELEASING = YES;
				CLANG_WARN_BOOL_CONVERSION = YES;
				CLANG_WARN_COMMA = YES;
				CLANG_WARN_CONSTANT_CONVERSION = YES;
				CLANG_WARN_DEPRECATED_OBJC_IMPLEMENTATIONS = YES;
				CLANG_WARN_DIRECT_OBJC_ISA_USAGE = YES_ERROR;
				CLANG_WARN_DOCUMENTATION_COMMENTS = YES;
				CLANG_WARN_EMPTY_BODY = YES;
				CLANG_WARN_ENUM_CONVERSION = YES;
				CLANG_WARN_INFINITE_RECURSION = YES;
				CLANG_WARN_INT_CONVERSION = YES;
				CLANG_WARN_NON_LITERAL_NULL_CONVERSION = YES;
				CLANG_WARN_OBJC_IMPLICIT_RETAIN_SELF = YES;
				CLANG_WARN_OBJC_LITERAL_CONVERSION = YES;
				CLANG_WARN_OBJC_ROOT_CLASS = YES_ERROR;
				CLANG_WARN_QUOTED_INCLUDE_IN_FRAMEWORK_HEADER = YES;
				CLANG_WARN_RANGE_LOOP_ANALYSIS = YES;
				CLANG_WARN_STRICT_PROTOTYPES = YES;
				CLANG_WARN_SUSPICIOUS_MOVE = YES;
				CLANG_WARN_UNGUARDED_AVAILABILITY = YES_AGGRESSIVE;
				CLANG_WARN_UNREACHABLE_CODE = YES;
				CLANG_WARN__DUPLICATE_METHOD_MATCH = YES;
				COPY_PHASE_STRIP = NO;
				DEBUG_INFORMATION_FORMAT = "dwarf-with-dsym";
				ENABLE_NS_ASSERTIONS = NO;
				ENABLE_STRICT_OBJC_MSGSEND = YES;
				GCC_C_LANGUAGE_STANDARD = gnu11;
				GCC_NO_COMMON_BLOCKS = YES;
				GCC_WARN_64_TO_32_BIT_CONVERSION = YES;
				GCC_WARN_ABOUT_RETURN_TYPE = YES_ERROR;
				GCC_WARN_UNDECLARED_SELECTOR = YES;
				GCC_WARN_UNINITIALIZED_AUTOS = YES_AGGRESSIVE;
				GCC_WARN_UNUSED_FUNCTION = YES;
				GCC_WARN_UNUSED_VARIABLE = YES;
				IPHONEOS_DEPLOYMENT_TARGET = 14.3;
				MTL_ENABLE_DEBUG_INFO = NO;
				MTL_FAST_MATH = YES;
				SDKROOT = iphoneos;
				SWIFT_COMPILATION_MODE = wholemodule;
				SWIFT_OPTIMIZATION_LEVEL = "-O";
				VALIDATE_PRODUCT = YES;
			};
			name = Release;
		};
		D0D5DEB228A67E7F00206717 /* Debug */ = {
			isa = XCBuildConfiguration;
			buildSettings = {
				ASSETCATALOG_COMPILER_APPICON_NAME = AppIcon;
				ASSETCATALOG_COMPILER_GLOBAL_ACCENT_COLOR_NAME = AccentColor;
				CODE_SIGN_STYLE = Automatic;
				INFOPLIST_FILE = Training/Info.plist;
				LD_RUNPATH_SEARCH_PATHS = (
					"$(inherited)",
					"@executable_path/Frameworks",
				);
				PRODUCT_BUNDLE_IDENTIFIER = enesKeskin.Training;
				PRODUCT_NAME = "$(TARGET_NAME)";
				SWIFT_VERSION = 5.0;
				TARGETED_DEVICE_FAMILY = "1,2";
			};
			name = Debug;
		};
		D0D5DEB328A67E7F00206717 /* Release */ = {
			isa = XCBuildConfiguration;
			buildSettings = {
				ASSETCATALOG_COMPILER_APPICON_NAME = AppIcon;
				ASSETCATALOG_COMPILER_GLOBAL_ACCENT_COLOR_NAME = AccentColor;
				CODE_SIGN_STYLE = Automatic;
				INFOPLIST_FILE = Training/Info.plist;
				LD_RUNPATH_SEARCH_PATHS = (
					"$(inherited)",
					"@executable_path/Frameworks",
				);
				PRODUCT_BUNDLE_IDENTIFIER = enesKeskin.Training;
				PRODUCT_NAME = "$(TARGET_NAME)";
				SWIFT_VERSION = 5.0;
				TARGETED_DEVICE_FAMILY = "1,2";
			};
			name = Release;
		};
/* End XCBuildConfiguration section */

/* Begin XCConfigurationList section */
		D0D5DE9528A67E7D00206717 /* Build configuration list for PBXProject "Training" */ = {
			isa = XCConfigurationList;
			buildConfigurations = (
				D0D5DEAF28A67E7F00206717 /* Debug */,
				D0D5DEB028A67E7F00206717 /* Release */,
			);
			defaultConfigurationIsVisible = 0;
			defaultConfigurationName = Release;
		};
		D0D5DEB128A67E7F00206717 /* Build configuration list for PBXNativeTarget "Training" */ = {
			isa = XCConfigurationList;
			buildConfigurations = (
				D0D5DEB228A67E7F00206717 /* Debug */,
				D0D5DEB328A67E7F00206717 /* Release */,
			);
			defaultConfigurationIsVisible = 0;
			defaultConfigurationName = Release;
		};
/* End XCConfigurationList section */

/* Begin XCVersionGroup section */
		D0D5DEA628A67E7D00206717 /* Training.xcdatamodeld */ = {
			isa = XCVersionGroup;
			children = (
				D0D5DEA728A67E7D00206717 /* Training.xcdatamodel */,
			);
			currentVersion = D0D5DEA728A67E7D00206717 /* Training.xcdatamodel */;
			path = Training.xcdatamodeld;
			sourceTree = "<group>";
			versionGroupType = wrapper.xcdatamodel;
		};
/* End XCVersionGroup section */
	};
	rootObject = D0D5DE9228A67E7D00206717 /* Project object */;
}
